{
  "name": "pacote",
  "version": "1.0.0",
  "lockfileVersion": 1,
  "requires": true,
  "dependencies": {
    "funcoes-matematicas": {
      "version": "1.0.6",
      "resolved": "https://registry.npmjs.org/funcoes-matematicas/-/funcoes-matematicas-1.0.6.tgz",
      "integrity": "sha512-aWyNOeQGLfNPET/mAao1ouh+hphRWhHV9va1Wtt6+UTcpT8qy3nNecrlpVsn1KHN8h6vrxpxFJzEEsThmFE7FQ=="
    }
  }
}
